
Microsoft Visual Studio Solution File, Format Version 12.00
# Visual Studio Version 17
VisualStudioVersion = 17.9.34622.214
MinimumVisualStudioVersion = 10.0.40219.1
Project("{FAE04EC0-301F-11D3-BF4B-00C04F79EFBC}") = "L01P022022QR601", "L01P022022QR601\L01P022022QR601.csproj", "{3CAA15E2-DDE7-48C5-AEF4-77EDF1F4DCD0}"
EndProject
Global
	GlobalSection(SolutionConfigurationPlatforms) = preSolution
		Debug|Any CPU = Debug|Any CPU
		Release|Any CPU = Release|Any CPU
	EndGlobalSection
	GlobalSection(ProjectConfigurationPlatforms) = postSolution
		{3CAA15E2-DDE7-48C5-AEF4-77EDF1F4DCD0}.Debug|Any CPU.ActiveCfg = Debug|Any CPU
		{3CAA15E2-DDE7-48C5-AEF4-77EDF1F4DCD0}.Debug|Any CPU.Build.0 = Debug|Any CPU
		{3CAA15E2-DDE7-48C5-AEF4-77EDF1F4DCD0}.Release|Any CPU.ActiveCfg = Release|Any CPU
		{3CAA15E2-DDE7-48C5-AEF4-77EDF1F4DCD0}.Release|Any CPU.Build.0 = Release|Any CPU
	EndGlobalSection
	GlobalSection(SolutionProperties) = preSolution
		HideSolutionNode = FALSE
	EndGlobalSection
	GlobalSection(ExtensibilityGlobals) = postSolution
		SolutionGuid = {A3BAC962-2B29-47E6-BDFF-9A87ED527740}
	EndGlobalSection
EndGlobal
